
Microsoft Visual Studio Solution File, Format Version 12.00
# Visual Studio Version 17
VisualStudioVersion = 17.14.36414.22 d17.14
MinimumVisualStudioVersion = 10.0.40219.1
Project("{FAE04EC0-301F-11D3-BF4B-00C04F79EFBC}") = "HW3_Task1", "HW3_Task1.csproj", "{CCD5EA2B-129F-4F76-A587-885DD97FDC9B}"
EndProject
Global
	GlobalSection(SolutionConfigurationPlatforms) = preSolution
		Debug|Any CPU = Debug|Any CPU
		Release|Any CPU = Release|Any CPU
	EndGlobalSection
	GlobalSection(ProjectConfigurationPlatforms) = postSolution
		{CCD5EA2B-129F-4F76-A587-885DD97FDC9B}.Debug|Any CPU.ActiveCfg = Debug|Any CPU
		{CCD5EA2B-129F-4F76-A587-885DD97FDC9B}.Debug|Any CPU.Build.0 = Debug|Any CPU
		{CCD5EA2B-129F-4F76-A587-885DD97FDC9B}.Release|Any CPU.ActiveCfg = Release|Any CPU
		{CCD5EA2B-129F-4F76-A587-885DD97FDC9B}.Release|Any CPU.Build.0 = Release|Any CPU
	EndGlobalSection
	GlobalSection(SolutionProperties) = preSolution
		HideSolutionNode = FALSE
	EndGlobalSection
	GlobalSection(ExtensibilityGlobals) = postSolution
		SolutionGuid = {B24F1607-2995-4528-95F8-1041094506C7}
	EndGlobalSection
EndGlobal
